// !$*UTF8*$!
{
	archiveVersion = 1;
	classes = {
	};
	objectVersion = 51;
	objects = {

/* Begin PBXBuildFile section */
		073A1F45A4AD4FA1B905A847 /* Pods_LineLAUITests.framework in Frameworks */ = {isa = PBXBuildFile; fileRef = 030E7DF84963CCA4F61B9A7C /* Pods_LineLAUITests.framework */; };
		5BBBDB1C21F46CCB00A07BA7 /* SQLiteConnect.swift in Sources */ = {isa = PBXBuildFile; fileRef = 5BBBDB1B21F46CCB00A07BA7 /* SQLiteConnect.swift */; };
		8273F214C6A3CC605A073938 /* Pods_LineLA.framework in Frameworks */ = {isa = PBXBuildFile; fileRef = AF6486D6706714668E81E4F5 /* Pods_LineLA.framework */; };
		9EB88B881087C403EBC62192 /* Pods_LineLATests.framework in Frameworks */ = {isa = PBXBuildFile; fileRef = 112EBB05E22D7CFEBBB27B99 /* Pods_LineLATests.framework */; };
		AF3CA2D121998F99009D9A3B /* ChatRoomViewController.swift in Sources */ = {isa = PBXBuildFile; fileRef = AF3CA2D021998F99009D9A3B /* ChatRoomViewController.swift */; };
		AF3CA2D32199F0CF009D9A3B /* MQTTManager.swift in Sources */ = {isa = PBXBuildFile; fileRef = AF3CA2D22199F0CF009D9A3B /* MQTTManager.swift */; };
		AF419C9B217CE970009116EC /* ConfirmLoginController.swift in Sources */ = {isa = PBXBuildFile; fileRef = AF419C9A217CE970009116EC /* ConfirmLoginController.swift */; };
		AF419C9D217D386D009116EC /* UIImageExtension.swift in Sources */ = {isa = PBXBuildFile; fileRef = AF419C9C217D386D009116EC /* UIImageExtension.swift */; };
		AF419CA3217DA224009116EC /* NavRootController.swift in Sources */ = {isa = PBXBuildFile; fileRef = AF419CA2217DA224009116EC /* NavRootController.swift */; };
		AF419CA7217DB92A009116EC /* FriendTableViewController.swift in Sources */ = {isa = PBXBuildFile; fileRef = AF419CA6217DB92A009116EC /* FriendTableViewController.swift */; };
		AF419CA9217DB958009116EC /* ChatTableViewController.swift in Sources */ = {isa = PBXBuildFile; fileRef = AF419CA8217DB958009116EC /* ChatTableViewController.swift */; };
		AF41F17E224369CD006D0661 /* ShowImageViewController.swift in Sources */ = {isa = PBXBuildFile; fileRef = AF41F17D224369CC006D0661 /* ShowImageViewController.swift */; };
		AF43289321624D8C008E0940 /* ScannerController.swift in Sources */ = {isa = PBXBuildFile; fileRef = AF43289221624D8C008E0940 /* ScannerController.swift */; };
		AF43289521626F82008E0940 /* CameraController.swift in Sources */ = {isa = PBXBuildFile; fileRef = AF43289421626F82008E0940 /* CameraController.swift */; };
		AF4328972163E935008E0940 /* ObserverController.swift in Sources */ = {isa = PBXBuildFile; fileRef = AF4328962163E935008E0940 /* ObserverController.swift */; };
		AF48573B224069250016D483 /* linphonerc in Resources */ = {isa = PBXBuildFile; fileRef = AF48573A224069250016D483 /* linphonerc */; };
		AF48573D224069480016D483 /* linphonerc-factory in Resources */ = {isa = PBXBuildFile; fileRef = AF48573C224069480016D483 /* linphonerc-factory */; };
		AF58E929224AA91F00280DDC /* CallViewController.swift in Sources */ = {isa = PBXBuildFile; fileRef = AF58E928224AA91F00280DDC /* CallViewController.swift */; };
		AF58E92B224AAD1800280DDC /* LinphoneManager.swift in Sources */ = {isa = PBXBuildFile; fileRef = AF58E92A224AAD1800280DDC /* LinphoneManager.swift */; };
		AF58E933224AC73600280DDC /* ring.bundle in Resources */ = {isa = PBXBuildFile; fileRef = AF58E932224AC73500280DDC /* ring.bundle */; };
		AF5B08D021A380BE0092301B /* ChatRoomTableViewController.swift in Sources */ = {isa = PBXBuildFile; fileRef = AF5B08CF21A380BE0092301B /* ChatRoomTableViewController.swift */; };
		AF5B08D221A382010092301B /* ChatLeftMessageTableViewCell.swift in Sources */ = {isa = PBXBuildFile; fileRef = AF5B08D121A382010092301B /* ChatLeftMessageTableViewCell.swift */; };
		AF5B08D421A3821A0092301B /* ChatRightMessageTableViewCell.swift in Sources */ = {isa = PBXBuildFile; fileRef = AF5B08D321A3821A0092301B /* ChatRightMessageTableViewCell.swift */; };
		AFAC0CF421CE9A0B00F2AFF1 /* ChatRoomDataTableViewCell.swift in Sources */ = {isa = PBXBuildFile; fileRef = AFAC0CF321CE9A0B00F2AFF1 /* ChatRoomDataTableViewCell.swift */; };
		AFAC0CF621D0641C00F2AFF1 /* UIViewExtension.swift in Sources */ = {isa = PBXBuildFile; fileRef = AFAC0CF521D0641C00F2AFF1 /* UIViewExtension.swift */; };
		AFB3D48621C6850B006EDE29 /* UserDefaultsExtension.swift in Sources */ = {isa = PBXBuildFile; fileRef = AFB3D48521C6850B006EDE29 /* UserDefaultsExtension.swift */; };
		AFB3D48821C6CF1A006EDE29 /* GlobalInfo.swift in Sources */ = {isa = PBXBuildFile; fileRef = AFB3D48721C6CF1A006EDE29 /* GlobalInfo.swift */; };
		AFB78BA22190E86000268AC4 /* TabBarViewController.swift in Sources */ = {isa = PBXBuildFile; fileRef = AFB78BA12190E86000268AC4 /* TabBarViewController.swift */; };
		AFB78BA42190E8E600268AC4 /* FriendPageViewController.swift in Sources */ = {isa = PBXBuildFile; fileRef = AFB78BA32190E8E600268AC4 /* FriendPageViewController.swift */; };
		AFB78BA62190E8FB00268AC4 /* ChatPageViewController.swift in Sources */ = {isa = PBXBuildFile; fileRef = AFB78BA52190E8FB00268AC4 /* ChatPageViewController.swift */; };
		AFB78BA82191C85B00268AC4 /* TypeTableViewCell.swift in Sources */ = {isa = PBXBuildFile; fileRef = AFB78BA72191C85B00268AC4 /* TypeTableViewCell.swift */; };
		AFB78BAA2191C87100268AC4 /* FriendTableViewCell.swift in Sources */ = {isa = PBXBuildFile; fileRef = AFB78BA92191C87100268AC4 /* FriendTableViewCell.swift */; };
		AFB78BAC2191C88300268AC4 /* ChatTableViewCell.swift in Sources */ = {isa = PBXBuildFile; fileRef = AFB78BAB2191C88300268AC4 /* ChatTableViewCell.swift */; };
		AFB7EC2121653A570073ABEA /* DatabaseManager.swift in Sources */ = {isa = PBXBuildFile; fileRef = AFB7EC2021653A570073ABEA /* DatabaseManager.swift */; };
		AFC15BB62225F67600EE52B3 /* UNUserNotificationCenterExtension.swift in Sources */ = {isa = PBXBuildFile; fileRef = AFC15BB52225F67600EE52B3 /* UNUserNotificationCenterExtension.swift */; };
		AFD21EEC214631FE00D1960B /* AppDelegate.swift in Sources */ = {isa = PBXBuildFile; fileRef = AFD21EEB214631FE00D1960B /* AppDelegate.swift */; };
		AFD21EEE214631FE00D1960B /* HomeController.swift in Sources */ = {isa = PBXBuildFile; fileRef = AFD21EED214631FE00D1960B /* HomeController.swift */; };
		AFD21EF1214631FE00D1960B /* Main.storyboard in Resources */ = {isa = PBXBuildFile; fileRef = AFD21EEF214631FE00D1960B /* Main.storyboard */; };
		AFD21EF32146321300D1960B /* Assets.xcassets in Resources */ = {isa = PBXBuildFile; fileRef = AFD21EF22146321200D1960B /* Assets.xcassets */; };
		AFD21EF62146321300D1960B /* LaunchScreen.storyboard in Resources */ = {isa = PBXBuildFile; fileRef = AFD21EF42146321300D1960B /* LaunchScreen.storyboard */; };
		AFD21F012146321400D1960B /* LineLATests.swift in Sources */ = {isa = PBXBuildFile; fileRef = AFD21F002146321400D1960B /* LineLATests.swift */; };
		AFD21F0C2146321400D1960B /* LineLAUITests.swift in Sources */ = {isa = PBXBuildFile; fileRef = AFD21F0B2146321400D1960B /* LineLAUITests.swift */; };
		AFD21F1D214638B800D1960B /* InfoPlist.strings in Resources */ = {isa = PBXBuildFile; fileRef = AFD21F1F214638B800D1960B /* InfoPlist.strings */; };
		AFD21F27214646B700D1960B /* Localizable.strings in Resources */ = {isa = PBXBuildFile; fileRef = AFD21F29214646B700D1960B /* Localizable.strings */; };
/* End PBXBuildFile section */

/* Begin PBXContainerItemProxy section */
		AFD21EFD2146321400D1960B /* PBXContainerItemProxy */ = {
			isa = PBXContainerItemProxy;
			containerPortal = AFD21EE0214631FE00D1960B /* Project object */;
			proxyType = 1;
			remoteGlobalIDString = AFD21EE7214631FE00D1960B;
			remoteInfo = LineLA;
		};
		AFD21F082146321400D1960B /* PBXContainerItemProxy */ = {
			isa = PBXContainerItemProxy;
			containerPortal = AFD21EE0214631FE00D1960B /* Project object */;
			proxyType = 1;
			remoteGlobalIDString = AFD21EE7214631FE00D1960B;
			remoteInfo = LineLA;
		};
/* End PBXContainerItemProxy section */

/* Begin PBXFileReference section */
		030E7DF84963CCA4F61B9A7C /* Pods_LineLAUITests.framework */ = {isa = PBXFileReference; explicitFileType = wrapper.framework; includeInIndex = 0; path = Pods_LineLAUITests.framework; sourceTree = BUILT_PRODUCTS_DIR; };
		112EBB05E22D7CFEBBB27B99 /* Pods_LineLATests.framework */ = {isa = PBXFileReference; explicitFileType = wrapper.framework; includeInIndex = 0; path = Pods_LineLATests.framework; sourceTree = BUILT_PRODUCTS_DIR; };
		5BBBDB1B21F46CCB00A07BA7 /* SQLiteConnect.swift */ = {isa = PBXFileReference; lastKnownFileType = sourcecode.swift; path = SQLiteConnect.swift; sourceTree = "<group>"; };
		82C6E988A0BF70D07DEFC889 /* Pods-LineLATests.debug.xcconfig */ = {isa = PBXFileReference; includeInIndex = 1; lastKnownFileType = text.xcconfig; name = "Pods-LineLATests.debug.xcconfig"; path = "Pods/Target Support Files/Pods-LineLATests/Pods-LineLATests.debug.xcconfig"; sourceTree = "<group>"; };
		87694656F052AF8F910736C0 /* Pods-LineLAUITests.release.xcconfig */ = {isa = PBXFileReference; includeInIndex = 1; lastKnownFileType = text.xcconfig; name = "Pods-LineLAUITests.release.xcconfig"; path = "Pods/Target Support Files/Pods-LineLAUITests/Pods-LineLAUITests.release.xcconfig"; sourceTree = "<group>"; };
		A54725CBBEA060C104D09DFC /* Pods-LineLA.release.xcconfig */ = {isa = PBXFileReference; includeInIndex = 1; lastKnownFileType = text.xcconfig; name = "Pods-LineLA.release.xcconfig"; path = "Pods/Target Support Files/Pods-LineLA/Pods-LineLA.release.xcconfig"; sourceTree = "<group>"; };
		AF3CA2D021998F99009D9A3B /* ChatRoomViewController.swift */ = {isa = PBXFileReference; lastKnownFileType = sourcecode.swift; path = ChatRoomViewController.swift; sourceTree = "<group>"; };
		AF3CA2D22199F0CF009D9A3B /* MQTTManager.swift */ = {isa = PBXFileReference; lastKnownFileType = sourcecode.swift; path = MQTTManager.swift; sourceTree = "<group>"; };
		AF40738F222C74820092A611 /* LineLA.entitlements */ = {isa = PBXFileReference; lastKnownFileType = text.plist.entitlements; path = LineLA.entitlements; sourceTree = "<group>"; };
		AF40DBC42270AE2F00729A52 /* zh-Hans */ = {isa = PBXFileReference; lastKnownFileType = text.plist.strings; name = "zh-Hans"; path = "zh-Hans.lproj/Main.strings"; sourceTree = "<group>"; };
		AF40DBC52270AE2F00729A52 /* zh-Hans */ = {isa = PBXFileReference; lastKnownFileType = text.plist.strings; name = "zh-Hans"; path = "zh-Hans.lproj/LaunchScreen.strings"; sourceTree = "<group>"; };
		AF40DBC62270AE2F00729A52 /* zh-Hans */ = {isa = PBXFileReference; lastKnownFileType = text.plist.strings; name = "zh-Hans"; path = "zh-Hans.lproj/InfoPlist.strings"; sourceTree = "<group>"; };
		AF40DBC72270AE2F00729A52 /* zh-Hans */ = {isa = PBXFileReference; lastKnownFileType = text.plist.strings; name = "zh-Hans"; path = "zh-Hans.lproj/Localizable.strings"; sourceTree = "<group>"; };
		AF419C9A217CE970009116EC /* ConfirmLoginController.swift */ = {isa = PBXFileReference; lastKnownFileType = sourcecode.swift; path = ConfirmLoginController.swift; sourceTree = "<group>"; };
		AF419C9C217D386D009116EC /* UIImageExtension.swift */ = {isa = PBXFileReference; lastKnownFileType = sourcecode.swift; path = UIImageExtension.swift; sourceTree = "<group>"; };
		AF419C9F217D5228009116EC /* en */ = {isa = PBXFileReference; lastKnownFileType = text.plist.strings; name = en; path = en.lproj/Main.strings; sourceTree = "<group>"; };
		AF419CA1217D523A009116EC /* zh-Hant */ = {isa = PBXFileReference; lastKnownFileType = text.plist.strings; name = "zh-Hant"; path = "zh-Hant.lproj/Main.strings"; sourceTree = "<group>"; };
		AF419CA2217DA224009116EC /* NavRootController.swift */ = {isa = PBXFileReference; lastKnownFileType = sourcecode.swift; path = NavRootController.swift; sourceTree = "<group>"; };
		AF419CA6217DB92A009116EC /* FriendTableViewController.swift */ = {isa = PBXFileReference; lastKnownFileType = sourcecode.swift; path = FriendTableViewController.swift; sourceTree = "<group>"; };
		AF419CA8217DB958009116EC /* ChatTableViewController.swift */ = {isa = PBXFileReference; lastKnownFileType = sourcecode.swift; path = ChatTableViewController.swift; sourceTree = "<group>"; };
		AF41F17D224369CC006D0661 /* ShowImageViewController.swift */ = {isa = PBXFileReference; lastKnownFileType = sourcecode.swift; path = ShowImageViewController.swift; sourceTree = "<group>"; };
		AF43289221624D8C008E0940 /* ScannerController.swift */ = {isa = PBXFileReference; lastKnownFileType = sourcecode.swift; path = ScannerController.swift; sourceTree = "<group>"; };
		AF43289421626F82008E0940 /* CameraController.swift */ = {isa = PBXFileReference; lastKnownFileType = sourcecode.swift; path = CameraController.swift; sourceTree = "<group>"; };
		AF4328962163E935008E0940 /* ObserverController.swift */ = {isa = PBXFileReference; lastKnownFileType = sourcecode.swift; path = ObserverController.swift; sourceTree = "<group>"; };
		AF48573A224069250016D483 /* linphonerc */ = {isa = PBXFileReference; lastKnownFileType = text; path = linphonerc; sourceTree = "<group>"; };
		AF48573C224069480016D483 /* linphonerc-factory */ = {isa = PBXFileReference; lastKnownFileType = text; path = "linphonerc-factory"; sourceTree = "<group>"; };
		AF58E928224AA91F00280DDC /* CallViewController.swift */ = {isa = PBXFileReference; lastKnownFileType = sourcecode.swift; path = CallViewController.swift; sourceTree = "<group>"; };
		AF58E92A224AAD1800280DDC /* LinphoneManager.swift */ = {isa = PBXFileReference; lastKnownFileType = sourcecode.swift; path = LinphoneManager.swift; sourceTree = "<group>"; };
		AF58E932224AC73500280DDC /* ring.bundle */ = {isa = PBXFileReference; lastKnownFileType = "wrapper.plug-in"; path = ring.bundle; sourceTree = "<group>"; };
		AF5B08CF21A380BE0092301B /* ChatRoomTableViewController.swift */ = {isa = PBXFileReference; lastKnownFileType = sourcecode.swift; path = ChatRoomTableViewController.swift; sourceTree = "<group>"; };
		AF5B08D121A382010092301B /* ChatLeftMessageTableViewCell.swift */ = {isa = PBXFileReference; lastKnownFileType = sourcecode.swift; path = ChatLeftMessageTableViewCell.swift; sourceTree = "<group>"; };
		AF5B08D321A3821A0092301B /* ChatRightMessageTableViewCell.swift */ = {isa = PBXFileReference; lastKnownFileType = sourcecode.swift; path = ChatRightMessageTableViewCell.swift; sourceTree = "<group>"; };
		AF6486D6706714668E81E4F5 /* Pods_LineLA.framework */ = {isa = PBXFileReference; explicitFileType = wrapper.framework; includeInIndex = 0; path = Pods_LineLA.framework; sourceTree = BUILT_PRODUCTS_DIR; };
		AFAC0CF321CE9A0B00F2AFF1 /* ChatRoomDataTableViewCell.swift */ = {isa = PBXFileReference; lastKnownFileType = sourcecode.swift; path = ChatRoomDataTableViewCell.swift; sourceTree = "<group>"; };
		AFAC0CF521D0641C00F2AFF1 /* UIViewExtension.swift */ = {isa = PBXFileReference; lastKnownFileType = sourcecode.swift; path = UIViewExtension.swift; sourceTree = "<group>"; };
		AFB3D48521C6850B006EDE29 /* UserDefaultsExtension.swift */ = {isa = PBXFileReference; lastKnownFileType = sourcecode.swift; path = UserDefaultsExtension.swift; sourceTree = "<group>"; };
		AFB3D48721C6CF1A006EDE29 /* GlobalInfo.swift */ = {isa = PBXFileReference; lastKnownFileType = sourcecode.swift; path = GlobalInfo.swift; sourceTree = "<group>"; };
		AFB78BA12190E86000268AC4 /* TabBarViewController.swift */ = {isa = PBXFileReference; lastKnownFileType = sourcecode.swift; path = TabBarViewController.swift; sourceTree = "<group>"; };
		AFB78BA32190E8E600268AC4 /* FriendPageViewController.swift */ = {isa = PBXFileReference; lastKnownFileType = sourcecode.swift; path = FriendPageViewController.swift; sourceTree = "<group>"; };
		AFB78BA52190E8FB00268AC4 /* ChatPageViewController.swift */ = {isa = PBXFileReference; lastKnownFileType = sourcecode.swift; path = ChatPageViewController.swift; sourceTree = "<group>"; };
		AFB78BA72191C85B00268AC4 /* TypeTableViewCell.swift */ = {isa = PBXFileReference; lastKnownFileType = sourcecode.swift; path = TypeTableViewCell.swift; sourceTree = "<group>"; };
		AFB78BA92191C87100268AC4 /* FriendTableViewCell.swift */ = {isa = PBXFileReference; lastKnownFileType = sourcecode.swift; path = FriendTableViewCell.swift; sourceTree = "<group>"; };
		AFB78BAB2191C88300268AC4 /* ChatTableViewCell.swift */ = {isa = PBXFileReference; lastKnownFileType = sourcecode.swift; path = ChatTableViewCell.swift; sourceTree = "<group>"; };
		AFB7EC2021653A570073ABEA /* DatabaseManager.swift */ = {isa = PBXFileReference; lastKnownFileType = sourcecode.swift; path = DatabaseManager.swift; sourceTree = "<group>"; };
		AFB7EC2221653DB20073ABEA /* libsqlite3.tbd */ = {isa = PBXFileReference; lastKnownFileType = "sourcecode.text-based-dylib-definition"; name = libsqlite3.tbd; path = usr/lib/libsqlite3.tbd; sourceTree = SDKROOT; };
		AFC15BB52225F67600EE52B3 /* UNUserNotificationCenterExtension.swift */ = {isa = PBXFileReference; lastKnownFileType = sourcecode.swift; path = UNUserNotificationCenterExtension.swift; sourceTree = "<group>"; };
		AFD1F0CD22404A8F001C30D1 /* LineLA-bridging-header.h */ = {isa = PBXFileReference; lastKnownFileType = sourcecode.c.h; path = "LineLA-bridging-header.h"; sourceTree = "<group>"; };
		AFD21EE8214631FE00D1960B /* LineLA.app */ = {isa = PBXFileReference; explicitFileType = wrapper.application; includeInIndex = 0; path = LineLA.app; sourceTree = BUILT_PRODUCTS_DIR; };
		AFD21EEB214631FE00D1960B /* AppDelegate.swift */ = {isa = PBXFileReference; lastKnownFileType = sourcecode.swift; path = AppDelegate.swift; sourceTree = "<group>"; };
		AFD21EED214631FE00D1960B /* HomeController.swift */ = {isa = PBXFileReference; lastKnownFileType = sourcecode.swift; path = HomeController.swift; sourceTree = "<group>"; };
		AFD21EF0214631FE00D1960B /* Base */ = {isa = PBXFileReference; lastKnownFileType = file.storyboard; name = Base; path = Base.lproj/Main.storyboard; sourceTree = "<group>"; };
		AFD21EF22146321200D1960B /* Assets.xcassets */ = {isa = PBXFileReference; lastKnownFileType = folder.assetcatalog; path = Assets.xcassets; sourceTree = "<group>"; };
		AFD21EF52146321300D1960B /* Base */ = {isa = PBXFileReference; lastKnownFileType = file.storyboard; name = Base; path = Base.lproj/LaunchScreen.storyboard; sourceTree = "<group>"; };
		AFD21EF72146321300D1960B /* Info.plist */ = {isa = PBXFileReference; lastKnownFileType = text.plist.xml; path = Info.plist; sourceTree = "<group>"; };
		AFD21EFC2146321400D1960B /* LineLATests.xctest */ = {isa = PBXFileReference; explicitFileType = wrapper.cfbundle; includeInIndex = 0; path = LineLATests.xctest; sourceTree = BUILT_PRODUCTS_DIR; };
		AFD21F002146321400D1960B /* LineLATests.swift */ = {isa = PBXFileReference; lastKnownFileType = sourcecode.swift; path = LineLATests.swift; sourceTree = "<group>"; };
		AFD21F022146321400D1960B /* Info.plist */ = {isa = PBXFileReference; lastKnownFileType = text.plist.xml; path = Info.plist; sourceTree = "<group>"; };
		AFD21F072146321400D1960B /* LineLAUITests.xctest */ = {isa = PBXFileReference; explicitFileType = wrapper.cfbundle; includeInIndex = 0; path = LineLAUITests.xctest; sourceTree = BUILT_PRODUCTS_DIR; };
		AFD21F0B2146321400D1960B /* LineLAUITests.swift */ = {isa = PBXFileReference; lastKnownFileType = sourcecode.swift; path = LineLAUITests.swift; sourceTree = "<group>"; };
		AFD21F0D2146321400D1960B /* Info.plist */ = {isa = PBXFileReference; lastKnownFileType = text.plist.xml; path = Info.plist; sourceTree = "<group>"; };
		AFD21F1E214638B800D1960B /* en */ = {isa = PBXFileReference; lastKnownFileType = text.plist.strings; name = en; path = en.lproj/InfoPlist.strings; sourceTree = "<group>"; };
		AFD21F20214638CB00D1960B /* zh-Hant */ = {isa = PBXFileReference; lastKnownFileType = text.plist.strings; name = "zh-Hant"; path = "zh-Hant.lproj/InfoPlist.strings"; sourceTree = "<group>"; };
		AFD21F28214646B700D1960B /* en */ = {isa = PBXFileReference; lastKnownFileType = text.plist.strings; name = en; path = en.lproj/Localizable.strings; sourceTree = "<group>"; };
		AFD21F2A214646BB00D1960B /* zh-Hant */ = {isa = PBXFileReference; lastKnownFileType = text.plist.strings; name = "zh-Hant"; path = "zh-Hant.lproj/Localizable.strings"; sourceTree = "<group>"; };
		AFD21F30214667B300D1960B /* en */ = {isa = PBXFileReference; lastKnownFileType = text.plist.strings; name = en; path = en.lproj/LaunchScreen.strings; sourceTree = "<group>"; };
		AFD21F32214667B700D1960B /* zh-Hant */ = {isa = PBXFileReference; lastKnownFileType = text.plist.strings; name = "zh-Hant"; path = "zh-Hant.lproj/LaunchScreen.strings"; sourceTree = "<group>"; };
		D602F6ED10391E6654127BB6 /* Pods-LineLA.debug.xcconfig */ = {isa = PBXFileReference; includeInIndex = 1; lastKnownFileType = text.xcconfig; name = "Pods-LineLA.debug.xcconfig"; path = "Pods/Target Support Files/Pods-LineLA/Pods-LineLA.debug.xcconfig"; sourceTree = "<group>"; };
		D72BEC97D0E0A6B3A6CDF5C7 /* Pods-LineLAUITests.debug.xcconfig */ = {isa = PBXFileReference; includeInIndex = 1; lastKnownFileType = text.xcconfig; name = "Pods-LineLAUITests.debug.xcconfig"; path = "Pods/Target Support Files/Pods-LineLAUITests/Pods-LineLAUITests.debug.xcconfig"; sourceTree = "<group>"; };
		DFF4D9963940C319FE95ADBF /* Pods-LineLATests.release.xcconfig */ = {isa = PBXFileReference; includeInIndex = 1; lastKnownFileType = text.xcconfig; name = "Pods-LineLATests.release.xcconfig"; path = "Pods/Target Support Files/Pods-LineLATests/Pods-LineLATests.release.xcconfig"; sourceTree = "<group>"; };
/* End PBXFileReference section */

/* Begin PBXFrameworksBuildPhase section */
		AFD21EE5214631FE00D1960B /* Frameworks */ = {
			isa = PBXFrameworksBuildPhase;
			buildActionMask = 2147483647;
			files = (
				8273F214C6A3CC605A073938 /* Pods_LineLA.framework in Frameworks */,
			);
			runOnlyForDeploymentPostprocessing = 0;
		};
		AFD21EF92146321400D1960B /* Frameworks */ = {
			isa = PBXFrameworksBuildPhase;
			buildActionMask = 2147483647;
			files = (
				9EB88B881087C403EBC62192 /* Pods_LineLATests.framework in Frameworks */,
			);
			runOnlyForDeploymentPostprocessing = 0;
		};
		AFD21F042146321400D1960B /* Frameworks */ = {
			isa = PBXFrameworksBuildPhase;
			buildActionMask = 2147483647;
			files = (
				073A1F45A4AD4FA1B905A847 /* Pods_LineLAUITests.framework in Frameworks */,
			);
			runOnlyForDeploymentPostprocessing = 0;
		};
/* End PBXFrameworksBuildPhase section */

/* Begin PBXGroup section */
		8173000A7E15E0AABAC4240C /* Pods */ = {
			isa = PBXGroup;
			children = (
				D602F6ED10391E6654127BB6 /* Pods-LineLA.debug.xcconfig */,
				A54725CBBEA060C104D09DFC /* Pods-LineLA.release.xcconfig */,
				82C6E988A0BF70D07DEFC889 /* Pods-LineLATests.debug.xcconfig */,
				DFF4D9963940C319FE95ADBF /* Pods-LineLATests.release.xcconfig */,
				D72BEC97D0E0A6B3A6CDF5C7 /* Pods-LineLAUITests.debug.xcconfig */,
				87694656F052AF8F910736C0 /* Pods-LineLAUITests.release.xcconfig */,
			);
			name = Pods;
			sourceTree = "<group>";
		};
		AFD21EDF214631FE00D1960B = {
			isa = PBXGroup;
			children = (
				AFD21EEA214631FE00D1960B /* LineLA */,
				AFD21EFF2146321400D1960B /* LineLATests */,
				AFD21F0A2146321400D1960B /* LineLAUITests */,
				AFD21EE9214631FE00D1960B /* Products */,
				8173000A7E15E0AABAC4240C /* Pods */,
				F33E0BE7517D3ACDB64A5DE7 /* Frameworks */,
			);
			sourceTree = "<group>";
		};
		AFD21EE9214631FE00D1960B /* Products */ = {
			isa = PBXGroup;
			children = (
				AFD21EE8214631FE00D1960B /* LineLA.app */,
				AFD21EFC2146321400D1960B /* LineLATests.xctest */,
				AFD21F072146321400D1960B /* LineLAUITests.xctest */,
			);
			name = Products;
			sourceTree = "<group>";
		};
		AFD21EEA214631FE00D1960B /* LineLA */ = {
			isa = PBXGroup;
			children = (
				AF58E932224AC73500280DDC /* ring.bundle */,
				AF40738F222C74820092A611 /* LineLA.entitlements */,
				AFD21EEB214631FE00D1960B /* AppDelegate.swift */,
				AFD21EED214631FE00D1960B /* HomeController.swift */,
				AFD21EEF214631FE00D1960B /* Main.storyboard */,
				AFD21EF22146321200D1960B /* Assets.xcassets */,
				AFD21EF42146321300D1960B /* LaunchScreen.storyboard */,
				AFD21EF72146321300D1960B /* Info.plist */,
				AFD21F1F214638B800D1960B /* InfoPlist.strings */,
				AFD21F29214646B700D1960B /* Localizable.strings */,
				AF5B08CF21A380BE0092301B /* ChatRoomTableViewController.swift */,
				AFB7EC2021653A570073ABEA /* DatabaseManager.swift */,
				5BBBDB1B21F46CCB00A07BA7 /* SQLiteConnect.swift */,
				AF3CA2D22199F0CF009D9A3B /* MQTTManager.swift */,
				AF43289221624D8C008E0940 /* ScannerController.swift */,
				AF43289421626F82008E0940 /* CameraController.swift */,
				AF4328962163E935008E0940 /* ObserverController.swift */,
				AF419C9A217CE970009116EC /* ConfirmLoginController.swift */,
				AFAC0CF521D0641C00F2AFF1 /* UIViewExtension.swift */,
				AF419C9C217D386D009116EC /* UIImageExtension.swift */,
				AF419CA2217DA224009116EC /* NavRootController.swift */,
				AF419CA6217DB92A009116EC /* FriendTableViewController.swift */,
				AF58E928224AA91F00280DDC /* CallViewController.swift */,
				AF419CA8217DB958009116EC /* ChatTableViewController.swift */,
				AFB78BA12190E86000268AC4 /* TabBarViewController.swift */,
				AFB78BA32190E8E600268AC4 /* FriendPageViewController.swift */,
				AFB78BA52190E8FB00268AC4 /* ChatPageViewController.swift */,
				AFB78BA72191C85B00268AC4 /* TypeTableViewCell.swift */,
				AFB78BA92191C87100268AC4 /* FriendTableViewCell.swift */,
				AFB78BAB2191C88300268AC4 /* ChatTableViewCell.swift */,
				AF3CA2D021998F99009D9A3B /* ChatRoomViewController.swift */,
				AFAC0CF321CE9A0B00F2AFF1 /* ChatRoomDataTableViewCell.swift */,
				AF5B08D121A382010092301B /* ChatLeftMessageTableViewCell.swift */,
				AF5B08D321A3821A0092301B /* ChatRightMessageTableViewCell.swift */,
				AF41F17D224369CC006D0661 /* ShowImageViewController.swift */,
				AFB3D48521C6850B006EDE29 /* UserDefaultsExtension.swift */,
				AFB3D48721C6CF1A006EDE29 /* GlobalInfo.swift */,
				AFC15BB52225F67600EE52B3 /* UNUserNotificationCenterExtension.swift */,
				AF58E92A224AAD1800280DDC /* LinphoneManager.swift */,
				AFD1F0CD22404A8F001C30D1 /* LineLA-bridging-header.h */,
				AF48573A224069250016D483 /* linphonerc */,
				AF48573C224069480016D483 /* linphonerc-factory */,
			);
			path = LineLA;
			sourceTree = "<group>";
		};
		AFD21EFF2146321400D1960B /* LineLATests */ = {
			isa = PBXGroup;
			children = (
				AFD21F002146321400D1960B /* LineLATests.swift */,
				AFD21F022146321400D1960B /* Info.plist */,
			);
			path = LineLATests;
			sourceTree = "<group>";
		};
		AFD21F0A2146321400D1960B /* LineLAUITests */ = {
			isa = PBXGroup;
			children = (
				AFD21F0B2146321400D1960B /* LineLAUITests.swift */,
				AFD21F0D2146321400D1960B /* Info.plist */,
			);
			path = LineLAUITests;
			sourceTree = "<group>";
		};
		F33E0BE7517D3ACDB64A5DE7 /* Frameworks */ = {
			isa = PBXGroup;
			children = (
				AFB7EC2221653DB20073ABEA /* libsqlite3.tbd */,
				AF6486D6706714668E81E4F5 /* Pods_LineLA.framework */,
				112EBB05E22D7CFEBBB27B99 /* Pods_LineLATests.framework */,
				030E7DF84963CCA4F61B9A7C /* Pods_LineLAUITests.framework */,
			);
			name = Frameworks;
			sourceTree = "<group>";
		};
/* End PBXGroup section */

/* Begin PBXNativeTarget section */
		AFD21EE7214631FE00D1960B /* LineLA */ = {
			isa = PBXNativeTarget;
			buildConfigurationList = AFD21F102146321400D1960B /* Build configuration list for PBXNativeTarget "LineLA" */;
			buildPhases = (
				85F5FFFC83415BA206D779AF /* [CP] Check Pods Manifest.lock */,
				AFD21EE4214631FE00D1960B /* Sources */,
				AFD21EE5214631FE00D1960B /* Frameworks */,
				AFD21EE6214631FE00D1960B /* Resources */,
				35671D1493F3257DEA0B17F2 /* [CP] Embed Pods Frameworks */,
				67D5FBE52473E682BE426BDB /* [CP] Copy Pods Resources */,
			);
			buildRules = (
			);
			dependencies = (
			);
			name = LineLA;
			productName = LineLA;
			productReference = AFD21EE8214631FE00D1960B /* LineLA.app */;
			productType = "com.apple.product-type.application";
		};
		AFD21EFB2146321400D1960B /* LineLATests */ = {
			isa = PBXNativeTarget;
			buildConfigurationList = AFD21F132146321400D1960B /* Build configuration list for PBXNativeTarget "LineLATests" */;
			buildPhases = (
				03F061A6C5D369C0D0961F96 /* [CP] Check Pods Manifest.lock */,
				AFD21EF82146321400D1960B /* Sources */,
				AFD21EF92146321400D1960B /* Frameworks */,
				AFD21EFA2146321400D1960B /* Resources */,
			);
			buildRules = (
			);
			dependencies = (
				AFD21EFE2146321400D1960B /* PBXTargetDependency */,
			);
			name = LineLATests;
			productName = LineLATests;
			productReference = AFD21EFC2146321400D1960B /* LineLATests.xctest */;
			productType = "com.apple.product-type.bundle.unit-test";
		};
		AFD21F062146321400D1960B /* LineLAUITests */ = {
			isa = PBXNativeTarget;
			buildConfigurationList = AFD21F162146321400D1960B /* Build configuration list for PBXNativeTarget "LineLAUITests" */;
			buildPhases = (
				7C63BB4F7DD3964E99FD2223 /* [CP] Check Pods Manifest.lock */,
				AFD21F032146321400D1960B /* Sources */,
				AFD21F042146321400D1960B /* Frameworks */,
				AFD21F052146321400D1960B /* Resources */,
			);
			buildRules = (
			);
			dependencies = (
				AFD21F092146321400D1960B /* PBXTargetDependency */,
			);
			name = LineLAUITests;
			productName = LineLAUITests;
			productReference = AFD21F072146321400D1960B /* LineLAUITests.xctest */;
			productType = "com.apple.product-type.bundle.ui-testing";
		};
/* End PBXNativeTarget section */

/* Begin PBXProject section */
		AFD21EE0214631FE00D1960B /* Project object */ = {
			isa = PBXProject;
			attributes = {
				LastSwiftUpdateCheck = 0940;
				LastUpgradeCheck = 0940;
				ORGANIZATIONNAME = uscclab;
				TargetAttributes = {
					AFD21EE7214631FE00D1960B = {
						CreatedOnToolsVersion = 9.4.1;
						LastSwiftMigration = 1020;
						SystemCapabilities = {
							com.apple.ApplicationGroups.iOS = {
								enabled = 0;
							};
							com.apple.BackgroundModes = {
								enabled = 1;
							};
							com.apple.DataProtection = {
								enabled = 0;
							};
							com.apple.HomeKit = {
								enabled = 0;
							};
						};
					};
					AFD21EFB2146321400D1960B = {
						CreatedOnToolsVersion = 9.4.1;
						LastSwiftMigration = 1020;
						TestTargetID = AFD21EE7214631FE00D1960B;
					};
					AFD21F062146321400D1960B = {
						CreatedOnToolsVersion = 9.4.1;
						LastSwiftMigration = 1020;
						TestTargetID = AFD21EE7214631FE00D1960B;
					};
				};
			};
			buildConfigurationList = AFD21EE3214631FE00D1960B /* Build configuration list for PBXProject "LineLA" */;
			compatibilityVersion = "Xcode 9.3";
			developmentRegion = en;
			hasScannedForEncodings = 0;
			knownRegions = (
				en,
				Base,
				"zh-Hant",
				"zh-Hans",
			);
			mainGroup = AFD21EDF214631FE00D1960B;
			productRefGroup = AFD21EE9214631FE00D1960B /* Products */;
			projectDirPath = "";
			projectRoot = "";
			targets = (
				AFD21EE7214631FE00D1960B /* LineLA */,
				AFD21EFB2146321400D1960B /* LineLATests */,
				AFD21F062146321400D1960B /* LineLAUITests */,
			);
		};
/* End PBXProject section */

/* Begin PBXResourcesBuildPhase section */
		AFD21EE6214631FE00D1960B /* Resources */ = {
			isa = PBXResourcesBuildPhase;
			buildActionMask = 2147483647;
			files = (
				AF48573D224069480016D483 /* linphonerc-factory in Resources */,
				AFD21F27214646B700D1960B /* Localizable.strings in Resources */,
				AFD21EF62146321300D1960B /* LaunchScreen.storyboard in Resources */,
				AF58E933224AC73600280DDC /* ring.bundle in Resources */,
				AFD21F1D214638B800D1960B /* InfoPlist.strings in Resources */,
				AFD21EF32146321300D1960B /* Assets.xcassets in Resources */,
				AF48573B224069250016D483 /* linphonerc in Resources */,
				AFD21EF1214631FE00D1960B /* Main.storyboard in Resources */,
			);
			runOnlyForDeploymentPostprocessing = 0;
		};
		AFD21EFA2146321400D1960B /* Resources */ = {
			isa = PBXResourcesBuildPhase;
			buildActionMask = 2147483647;
			files = (
			);
			runOnlyForDeploymentPostprocessing = 0;
		};
		AFD21F052146321400D1960B /* Resources */ = {
			isa = PBXResourcesBuildPhase;
			buildActionMask = 2147483647;
			files = (
			);
			runOnlyForDeploymentPostprocessing = 0;
		};
/* End PBXResourcesBuildPhase section */

/* Begin PBXShellScriptBuildPhase section */
		03F061A6C5D369C0D0961F96 /* [CP] Check Pods Manifest.lock */ = {
			isa = PBXShellScriptBuildPhase;
			buildActionMask = 2147483647;
			files = (
			);
			inputPaths = (
				"${PODS_PODFILE_DIR_PATH}/Podfile.lock",
				"${PODS_ROOT}/Manifest.lock",
			);
			name = "[CP] Check Pods Manifest.lock";
			outputPaths = (
				"$(DERIVED_FILE_DIR)/Pods-LineLATests-checkManifestLockResult.txt",
			);
			runOnlyForDeploymentPostprocessing = 0;
			shellPath = /bin/sh;
			shellScript = "diff \"${PODS_PODFILE_DIR_PATH}/Podfile.lock\" \"${PODS_ROOT}/Manifest.lock\" > /dev/null\nif [ $? != 0 ] ; then\n    # print error to STDERR\n    echo \"error: The sandbox is not in sync with the Podfile.lock. Run 'pod install' or update your CocoaPods installation.\" >&2\n    exit 1\nfi\n# This output is used by Xcode 'outputs' to avoid re-running this script phase.\necho \"SUCCESS\" > \"${SCRIPT_OUTPUT_FILE_0}\"\n";
			showEnvVarsInLog = 0;
		};
		35671D1493F3257DEA0B17F2 /* [CP] Embed Pods Frameworks */ = {
			isa = PBXShellScriptBuildPhase;
			buildActionMask = 2147483647;
			files = (
			);
			inputFileListPaths = (
				"${PODS_ROOT}/Target Support Files/Pods-LineLA/Pods-LineLA-frameworks-${CONFIGURATION}-input-files.xcfilelist",
			);
			name = "[CP] Embed Pods Frameworks";
			outputFileListPaths = (
				"${PODS_ROOT}/Target Support Files/Pods-LineLA/Pods-LineLA-frameworks-${CONFIGURATION}-output-files.xcfilelist",
			);
			runOnlyForDeploymentPostprocessing = 0;
			shellPath = /bin/sh;
			shellScript = "\"${PODS_ROOT}/Target Support Files/Pods-LineLA/Pods-LineLA-frameworks.sh\"\n";
			showEnvVarsInLog = 0;
		};
		67D5FBE52473E682BE426BDB /* [CP] Copy Pods Resources */ = {
			isa = PBXShellScriptBuildPhase;
			buildActionMask = 2147483647;
			files = (
			);
			inputFileListPaths = (
				"${PODS_ROOT}/Target Support Files/Pods-LineLA/Pods-LineLA-resources-${CONFIGURATION}-input-files.xcfilelist",
			);
			name = "[CP] Copy Pods Resources";
			outputFileListPaths = (
				"${PODS_ROOT}/Target Support Files/Pods-LineLA/Pods-LineLA-resources-${CONFIGURATION}-output-files.xcfilelist",
			);
			runOnlyForDeploymentPostprocessing = 0;
			shellPath = /bin/sh;
			shellScript = "\"${PODS_ROOT}/Target Support Files/Pods-LineLA/Pods-LineLA-resources.sh\"\n";
			showEnvVarsInLog = 0;
		};
		7C63BB4F7DD3964E99FD2223 /* [CP] Check Pods Manifest.lock */ = {
			isa = PBXShellScriptBuildPhase;
			buildActionMask = 2147483647;
			files = (
			);
			inputPaths = (
				"${PODS_PODFILE_DIR_PATH}/Podfile.lock",
				"${PODS_ROOT}/Manifest.lock",
			);
			name = "[CP] Check Pods Manifest.lock";
			outputPaths = (
				"$(DERIVED_FILE_DIR)/Pods-LineLAUITests-checkManifestLockResult.txt",
			);
			runOnlyForDeploymentPostprocessing = 0;
			shellPath = /bin/sh;
			shellScript = "diff \"${PODS_PODFILE_DIR_PATH}/Podfile.lock\" \"${PODS_ROOT}/Manifest.lock\" > /dev/null\nif [ $? != 0 ] ; then\n    # print error to STDERR\n    echo \"error: The sandbox is not in sync with the Podfile.lock. Run 'pod install' or update your CocoaPods installation.\" >&2\n    exit 1\nfi\n# This output is used by Xcode 'outputs' to avoid re-running this script phase.\necho \"SUCCESS\" > \"${SCRIPT_OUTPUT_FILE_0}\"\n";
			showEnvVarsInLog = 0;
		};
		85F5FFFC83415BA206D779AF /* [CP] Check Pods Manifest.lock */ = {
			isa = PBXShellScriptBuildPhase;
			buildActionMask = 2147483647;
			files = (
			);
			inputPaths = (
				"${PODS_PODFILE_DIR_PATH}/Podfile.lock",
				"${PODS_ROOT}/Manifest.lock",
			);
			name = "[CP] Check Pods Manifest.lock";
			outputPaths = (
				"$(DERIVED_FILE_DIR)/Pods-LineLA-checkManifestLockResult.txt",
			);
			runOnlyForDeploymentPostprocessing = 0;
			shellPath = /bin/sh;
			shellScript = "diff \"${PODS_PODFILE_DIR_PATH}/Podfile.lock\" \"${PODS_ROOT}/Manifest.lock\" > /dev/null\nif [ $? != 0 ] ; then\n    # print error to STDERR\n    echo \"error: The sandbox is not in sync with the Podfile.lock. Run 'pod install' or update your CocoaPods installation.\" >&2\n    exit 1\nfi\n# This output is used by Xcode 'outputs' to avoid re-running this script phase.\necho \"SUCCESS\" > \"${SCRIPT_OUTPUT_FILE_0}\"\n";
			showEnvVarsInLog = 0;
		};
/* End PBXShellScriptBuildPhase section */

/* Begin PBXSourcesBuildPhase section */
		AFD21EE4214631FE00D1960B /* Sources */ = {
			isa = PBXSourcesBuildPhase;
			buildActionMask = 2147483647;
			files = (
				AF3CA2D32199F0CF009D9A3B /* MQTTManager.swift in Sources */,
				AFB7EC2121653A570073ABEA /* DatabaseManager.swift in Sources */,
				AF5B08D421A3821A0092301B /* ChatRightMessageTableViewCell.swift in Sources */,
				AFD21EEE214631FE00D1960B /* HomeController.swift in Sources */,
				AF419CA9217DB958009116EC /* ChatTableViewController.swift in Sources */,
				AFB3D48821C6CF1A006EDE29 /* GlobalInfo.swift in Sources */,
				AFB78BAC2191C88300268AC4 /* ChatTableViewCell.swift in Sources */,
				AF5B08D221A382010092301B /* ChatLeftMessageTableViewCell.swift in Sources */,
				AFB78BA42190E8E600268AC4 /* FriendPageViewController.swift in Sources */,
				AFC15BB62225F67600EE52B3 /* UNUserNotificationCenterExtension.swift in Sources */,
				AF419C9B217CE970009116EC /* ConfirmLoginController.swift in Sources */,
				5BBBDB1C21F46CCB00A07BA7 /* SQLiteConnect.swift in Sources */,
				AF58E92B224AAD1800280DDC /* LinphoneManager.swift in Sources */,
				AFD21EEC214631FE00D1960B /* AppDelegate.swift in Sources */,
				AFB78BA82191C85B00268AC4 /* TypeTableViewCell.swift in Sources */,
				AF419CA3217DA224009116EC /* NavRootController.swift in Sources */,
				AF4328972163E935008E0940 /* ObserverController.swift in Sources */,
				AFAC0CF421CE9A0B00F2AFF1 /* ChatRoomDataTableViewCell.swift in Sources */,
				AF419CA7217DB92A009116EC /* FriendTableViewController.swift in Sources */,
				AF58E929224AA91F00280DDC /* CallViewController.swift in Sources */,
				AF41F17E224369CD006D0661 /* ShowImageViewController.swift in Sources */,
				AFB3D48621C6850B006EDE29 /* UserDefaultsExtension.swift in Sources */,
				AF43289521626F82008E0940 /* CameraController.swift in Sources */,
				AFB78BAA2191C87100268AC4 /* FriendTableViewCell.swift in Sources */,
				AFB78BA22190E86000268AC4 /* TabBarViewController.swift in Sources */,
				AF419C9D217D386D009116EC /* UIImageExtension.swift in Sources */,
				AF5B08D021A380BE0092301B /* ChatRoomTableViewController.swift in Sources */,
				AFAC0CF621D0641C00F2AFF1 /* UIViewExtension.swift in Sources */,
				AFB78BA62190E8FB00268AC4 /* ChatPageViewController.swift in Sources */,
				AF43289321624D8C008E0940 /* ScannerController.swift in Sources */,
				AF3CA2D121998F99009D9A3B /* ChatRoomViewController.swift in Sources */,
			);
			runOnlyForDeploymentPostprocessing = 0;
		};
		AFD21EF82146321400D1960B /* Sources */ = {
			isa = PBXSourcesBuildPhase;
			buildActionMask = 2147483647;
			files = (
				AFD21F012146321400D1960B /* LineLATests.swift in Sources */,
			);
			runOnlyForDeploymentPostprocessing = 0;
		};
		AFD21F032146321400D1960B /* Sources */ = {
			isa = PBXSourcesBuildPhase;
			buildActionMask = 2147483647;
			files = (
				AFD21F0C2146321400D1960B /* LineLAUITests.swift in Sources */,
			);
			runOnlyForDeploymentPostprocessing = 0;
		};
/* End PBXSourcesBuildPhase section */

/* Begin PBXTargetDependency section */
		AFD21EFE2146321400D1960B /* PBXTargetDependency */ = {
			isa = PBXTargetDependency;
			target = AFD21EE7214631FE00D1960B /* LineLA */;
			targetProxy = AFD21EFD2146321400D1960B /* PBXContainerItemProxy */;
		};
		AFD21F092146321400D1960B /* PBXTargetDependency */ = {
			isa = PBXTargetDependency;
			target = AFD21EE7214631FE00D1960B /* LineLA */;
			targetProxy = AFD21F082146321400D1960B /* PBXContainerItemProxy */;
		};
/* End PBXTargetDependency section */

/* Begin PBXVariantGroup section */
		AFD21EEF214631FE00D1960B /* Main.storyboard */ = {
			isa = PBXVariantGroup;
			children = (
				AFD21EF0214631FE00D1960B /* Base */,
				AF419C9F217D5228009116EC /* en */,
				AF419CA1217D523A009116EC /* zh-Hant */,
				AF40DBC42270AE2F00729A52 /* zh-Hans */,
			);
			name = Main.storyboard;
			sourceTree = "<group>";
		};
		AFD21EF42146321300D1960B /* LaunchScreen.storyboard */ = {
			isa = PBXVariantGroup;
			children = (
				AFD21EF52146321300D1960B /* Base */,
				AFD21F30214667B300D1960B /* en */,
				AFD21F32214667B700D1960B /* zh-Hant */,
				AF40DBC52270AE2F00729A52 /* zh-Hans */,
			);
			name = LaunchScreen.storyboard;
			sourceTree = "<group>";
		};
		AFD21F1F214638B800D1960B /* InfoPlist.strings */ = {
			isa = PBXVariantGroup;
			children = (
				AFD21F1E214638B800D1960B /* en */,
				AFD21F20214638CB00D1960B /* zh-Hant */,
				AF40DBC62270AE2F00729A52 /* zh-Hans */,
			);
			name = InfoPlist.strings;
			sourceTree = "<group>";
		};
		AFD21F29214646B700D1960B /* Localizable.strings */ = {
			isa = PBXVariantGroup;
			children = (
				AFD21F28214646B700D1960B /* en */,
				AFD21F2A214646BB00D1960B /* zh-Hant */,
				AF40DBC72270AE2F00729A52 /* zh-Hans */,
			);
			name = Localizable.strings;
			sourceTree = "<group>";
			usesTabs = 0;
		};
/* End PBXVariantGroup section */

/* Begin XCBuildConfiguration section */
		AFD21F0E2146321400D1960B /* Debug */ = {
			isa = XCBuildConfiguration;
			buildSettings = {
				ALWAYS_SEARCH_USER_PATHS = NO;
				CLANG_ANALYZER_LOCALIZABILITY_NONLOCALIZED = YES;
				CLANG_ANALYZER_NONNULL = YES;
				CLANG_ANALYZER_NUMBER_OBJECT_CONVERSION = YES_AGGRESSIVE;
				CLANG_CXX_LANGUAGE_STANDARD = "gnu++14";
				CLANG_CXX_LIBRARY = "libc++";
				CLANG_ENABLE_MODULES = YES;
				CLANG_ENABLE_OBJC_ARC = YES;
				CLANG_ENABLE_OBJC_WEAK = YES;
				CLANG_WARN_BLOCK_CAPTURE_AUTORELEASING = YES;
				CLANG_WARN_BOOL_CONVERSION = YES;
				CLANG_WARN_COMMA = YES;
				CLANG_WARN_CONSTANT_CONVERSION = YES;
				CLANG_WARN_DEPRECATED_OBJC_IMPLEMENTATIONS = YES;
				CLANG_WARN_DIRECT_OBJC_ISA_USAGE = YES_ERROR;
				CLANG_WARN_DOCUMENTATION_COMMENTS = YES;
				CLANG_WARN_EMPTY_BODY = YES;
				CLANG_WARN_ENUM_CONVERSION = YES;
				CLANG_WARN_INFINITE_RECURSION = YES;
				CLANG_WARN_INT_CONVERSION = YES;
				CLANG_WARN_NON_LITERAL_NULL_CONVERSION = YES;
				CLANG_WARN_OBJC_IMPLICIT_RETAIN_SELF = YES;
				CLANG_WARN_OBJC_LITERAL_CONVERSION = YES;
				CLANG_WARN_OBJC_ROOT_CLASS = YES_ERROR;
				CLANG_WARN_RANGE_LOOP_ANALYSIS = YES;
				CLANG_WARN_STRICT_PROTOTYPES = YES;
				CLANG_WARN_SUSPICIOUS_MOVE = YES;
				CLANG_WARN_UNGUARDED_AVAILABILITY = YES_AGGRESSIVE;
				CLANG_WARN_UNREACHABLE_CODE = YES;
				CLANG_WARN__DUPLICATE_METHOD_MATCH = YES;
				CODE_SIGN_IDENTITY = "iPhone Developer";
				COPY_PHASE_STRIP = NO;
				DEBUG_INFORMATION_FORMAT = dwarf;
				ENABLE_STRICT_OBJC_MSGSEND = YES;
				ENABLE_TESTABILITY = YES;
				GCC_C_LANGUAGE_STANDARD = gnu11;
				GCC_DYNAMIC_NO_PIC = NO;
				GCC_NO_COMMON_BLOCKS = YES;
				GCC_OPTIMIZATION_LEVEL = 0;
				GCC_PREPROCESSOR_DEFINITIONS = (
					"DEBUG=1",
					"$(inherited)",
				);
				GCC_WARN_64_TO_32_BIT_CONVERSION = YES;
				GCC_WARN_ABOUT_RETURN_TYPE = YES_ERROR;
				GCC_WARN_UNDECLARED_SELECTOR = YES;
				GCC_WARN_UNINITIALIZED_AUTOS = YES_AGGRESSIVE;
				GCC_WARN_UNUSED_FUNCTION = YES;
				GCC_WARN_UNUSED_VARIABLE = YES;
				IPHONEOS_DEPLOYMENT_TARGET = 10.3;
				MTL_ENABLE_DEBUG_INFO = YES;
				ONLY_ACTIVE_ARCH = YES;
				SDKROOT = iphoneos;
				SWIFT_ACTIVE_COMPILATION_CONDITIONS = DEBUG;
				SWIFT_OBJC_BRIDGING_HEADER = "LineLA/LineLA-bridging-header.h";
				SWIFT_OPTIMIZATION_LEVEL = "-Onone";
				USER_HEADER_SEARCH_PATHS = "";
			};
			name = Debug;
		};
		AFD21F0F2146321400D1960B /* Release */ = {
			isa = XCBuildConfiguration;
			buildSettings = {
				ALWAYS_SEARCH_USER_PATHS = NO;
				CLANG_ANALYZER_LOCALIZABILITY_NONLOCALIZED = YES;
				CLANG_ANALYZER_NONNULL = YES;
				CLANG_ANALYZER_NUMBER_OBJECT_CONVERSION = YES_AGGRESSIVE;
				CLANG_CXX_LANGUAGE_STANDARD = "gnu++14";
				CLANG_CXX_LIBRARY = "libc++";
				CLANG_ENABLE_MODULES = YES;
				CLANG_ENABLE_OBJC_ARC = YES;
				CLANG_ENABLE_OBJC_WEAK = YES;
				CLANG_WARN_BLOCK_CAPTURE_AUTORELEASING = YES;
				CLANG_WARN_BOOL_CONVERSION = YES;
				CLANG_WARN_COMMA = YES;
				CLANG_WARN_CONSTANT_CONVERSION = YES;
				CLANG_WARN_DEPRECATED_OBJC_IMPLEMENTATIONS = YES;
				CLANG_WARN_DIRECT_OBJC_ISA_USAGE = YES_ERROR;
				CLANG_WARN_DOCUMENTATION_COMMENTS = YES;
				CLANG_WARN_EMPTY_BODY = YES;
				CLANG_WARN_ENUM_CONVERSION = YES;
				CLANG_WARN_INFINITE_RECURSION = YES;
				CLANG_WARN_INT_CONVERSION = YES;
				CLANG_WARN_NON_LITERAL_NULL_CONVERSION = YES;
				CLANG_WARN_OBJC_IMPLICIT_RETAIN_SELF = YES;
				CLANG_WARN_OBJC_LITERAL_CONVERSION = YES;
				CLANG_WARN_OBJC_ROOT_CLASS = YES_ERROR;
				CLANG_WARN_RANGE_LOOP_ANALYSIS = YES;
				CLANG_WARN_STRICT_PROTOTYPES = YES;
				CLANG_WARN_SUSPICIOUS_MOVE = YES;
				CLANG_WARN_UNGUARDED_AVAILABILITY = YES_AGGRESSIVE;
				CLANG_WARN_UNREACHABLE_CODE = YES;
				CLANG_WARN__DUPLICATE_METHOD_MATCH = YES;
				CODE_SIGN_IDENTITY = "iPhone Developer";
				COPY_PHASE_STRIP = NO;
				DEBUG_INFORMATION_FORMAT = "dwarf-with-dsym";
				ENABLE_NS_ASSERTIONS = NO;
				ENABLE_STRICT_OBJC_MSGSEND = YES;
				GCC_C_LANGUAGE_STANDARD = gnu11;
				GCC_NO_COMMON_BLOCKS = YES;
				GCC_WARN_64_TO_32_BIT_CONVERSION = YES;
				GCC_WARN_ABOUT_RETURN_TYPE = YES_ERROR;
				GCC_WARN_UNDECLARED_SELECTOR = YES;
				GCC_WARN_UNINITIALIZED_AUTOS = YES_AGGRESSIVE;
				GCC_WARN_UNUSED_FUNCTION = YES;
				GCC_WARN_UNUSED_VARIABLE = YES;
				IPHONEOS_DEPLOYMENT_TARGET = 10.3;
				MTL_ENABLE_DEBUG_INFO = NO;
				SDKROOT = iphoneos;
				SWIFT_COMPILATION_MODE = wholemodule;
				SWIFT_OBJC_BRIDGING_HEADER = "LineLA/LineLA-bridging-header.h";
				SWIFT_OPTIMIZATION_LEVEL = "-O";
				USER_HEADER_SEARCH_PATHS = "";
				VALIDATE_PRODUCT = YES;
			};
			name = Release;
		};
		AFD21F112146321400D1960B /* Debug */ = {
			isa = XCBuildConfiguration;
			baseConfigurationReference = D602F6ED10391E6654127BB6 /* Pods-LineLA.debug.xcconfig */;
			buildSettings = {
				ALWAYS_SEARCH_USER_PATHS = NO;
				ASSETCATALOG_COMPILER_APPICON_NAME = AppIcon;
				CODE_SIGN_IDENTITY = "iPhone Developer";
				CODE_SIGN_STYLE = Automatic;
				DEVELOPMENT_TEAM = 2HZL76C8HX;
				FRAMEWORK_SEARCH_PATHS = (
					"$(inherited)",
					"$(PROJECT_DIR)/Pods/linphone-sdk/linphone-sdk/apple-darwin/Frameworks",
				);
				INFOPLIST_FILE = LineLA/Info.plist;
				IPHONEOS_DEPLOYMENT_TARGET = 10.3;
				LD_RUNPATH_SEARCH_PATHS = (
					"$(inherited)",
					"@executable_path/Frameworks",
				);
				PRODUCT_BUNDLE_IDENTIFIER = com.uscclab.LineLA;
				PRODUCT_NAME = "$(TARGET_NAME)";
				PROVISIONING_PROFILE_SPECIFIER = "";
				SWIFT_OBJC_BRIDGING_HEADER = "LineLA/LineLA-bridging-header.h";
				SWIFT_VERSION = 5.0;
				TARGETED_DEVICE_FAMILY = "1,2";
			};
			name = Debug;
		};
		AFD21F122146321400D1960B /* Release */ = {
			isa = XCBuildConfiguration;
			baseConfigurationReference = A54725CBBEA060C104D09DFC /* Pods-LineLA.release.xcconfig */;
			buildSettings = {
				ALWAYS_SEARCH_USER_PATHS = NO;
				ASSETCATALOG_COMPILER_APPICON_NAME = AppIcon;
				CODE_SIGN_IDENTITY = "iPhone Developer";
				CODE_SIGN_STYLE = Automatic;
				DEVELOPMENT_TEAM = 2HZL76C8HX;
				FRAMEWORK_SEARCH_PATHS = (
					"$(inherited)",
					"$(PROJECT_DIR)/Pods/linphone-sdk/linphone-sdk/apple-darwin/Frameworks",
				);
				INFOPLIST_FILE = LineLA/Info.plist;
				IPHONEOS_DEPLOYMENT_TARGET = 10.3;
				LD_RUNPATH_SEARCH_PATHS = (
					"$(inherited)",
					"@executable_path/Frameworks",
				);
				PRODUCT_BUNDLE_IDENTIFIER = com.uscclab.LineLA;
				PRODUCT_NAME = "$(TARGET_NAME)";
				PROVISIONING_PROFILE_SPECIFIER = "";
				SWIFT_OBJC_BRIDGING_HEADER = "LineLA/LineLA-bridging-header.h";
				SWIFT_VERSION = 5.0;
				TARGETED_DEVICE_FAMILY = "1,2";
			};
			name = Release;
		};
		AFD21F142146321400D1960B /* Debug */ = {
			isa = XCBuildConfiguration;
			baseConfigurationReference = 82C6E988A0BF70D07DEFC889 /* Pods-LineLATests.debug.xcconfig */;
			buildSettings = {
				ALWAYS_EMBED_SWIFT_STANDARD_LIBRARIES = YES;
				BUNDLE_LOADER = "$(TEST_HOST)";
				CODE_SIGN_STYLE = Automatic;
				DEVELOPMENT_TEAM = 2HZL76C8HX;
				INFOPLIST_FILE = LineLATests/Info.plist;
				LD_RUNPATH_SEARCH_PATHS = (
					"$(inherited)",
					"@executable_path/Frameworks",
					"@loader_path/Frameworks",
				);
				PRODUCT_BUNDLE_IDENTIFIER = com.uscclab.LineLATests;
				PRODUCT_NAME = "$(TARGET_NAME)";
				SWIFT_VERSION = 5.0;
				TARGETED_DEVICE_FAMILY = "1,2";
				TEST_HOST = "$(BUILT_PRODUCTS_DIR)/LineLA.app/LineLA";
			};
			name = Debug;
		};
		AFD21F152146321400D1960B /* Release */ = {
			isa = XCBuildConfiguration;
			baseConfigurationReference = DFF4D9963940C319FE95ADBF /* Pods-LineLATests.release.xcconfig */;
			buildSettings = {
				ALWAYS_EMBED_SWIFT_STANDARD_LIBRARIES = YES;
				BUNDLE_LOADER = "$(TEST_HOST)";
				CODE_SIGN_STYLE = Automatic;
				DEVELOPMENT_TEAM = 2HZL76C8HX;
				INFOPLIST_FILE = LineLATests/Info.plist;
				LD_RUNPATH_SEARCH_PATHS = (
					"$(inherited)",
					"@executable_path/Frameworks",
					"@loader_path/Frameworks",
				);
				PRODUCT_BUNDLE_IDENTIFIER = com.uscclab.LineLATests;
				PRODUCT_NAME = "$(TARGET_NAME)";
				SWIFT_VERSION = 5.0;
				TARGETED_DEVICE_FAMILY = "1,2";
				TEST_HOST = "$(BUILT_PRODUCTS_DIR)/LineLA.app/LineLA";
			};
			name = Release;
		};
		AFD21F172146321400D1960B /* Debug */ = {
			isa = XCBuildConfiguration;
			baseConfigurationReference = D72BEC97D0E0A6B3A6CDF5C7 /* Pods-LineLAUITests.debug.xcconfig */;
			buildSettings = {
				ALWAYS_EMBED_SWIFT_STANDARD_LIBRARIES = YES;
				CODE_SIGN_STYLE = Automatic;
				DEVELOPMENT_TEAM = 2HZL76C8HX;
				INFOPLIST_FILE = LineLAUITests/Info.plist;
				LD_RUNPATH_SEARCH_PATHS = (
					"$(inherited)",
					"@executable_path/Frameworks",
					"@loader_path/Frameworks",
				);
				PRODUCT_BUNDLE_IDENTIFIER = com.uscclab.LineLAUITests;
				PRODUCT_NAME = "$(TARGET_NAME)";
				SWIFT_VERSION = 5.0;
				TARGETED_DEVICE_FAMILY = "1,2";
				TEST_TARGET_NAME = LineLA;
			};
			name = Debug;
		};
		AFD21F182146321400D1960B /* Release */ = {
			isa = XCBuildConfiguration;
			baseConfigurationReference = 87694656F052AF8F910736C0 /* Pods-LineLAUITests.release.xcconfig */;
			buildSettings = {
				ALWAYS_EMBED_SWIFT_STANDARD_LIBRARIES = YES;
				CODE_SIGN_STYLE = Automatic;
				DEVELOPMENT_TEAM = 2HZL76C8HX;
				INFOPLIST_FILE = LineLAUITests/Info.plist;
				LD_RUNPATH_SEARCH_PATHS = (
					"$(inherited)",
					"@executable_path/Frameworks",
					"@loader_path/Frameworks",
				);
				PRODUCT_BUNDLE_IDENTIFIER = com.uscclab.LineLAUITests;
				PRODUCT_NAME = "$(TARGET_NAME)";
				SWIFT_VERSION = 5.0;
				TARGETED_DEVICE_FAMILY = "1,2";
				TEST_TARGET_NAME = LineLA;
			};
			name = Release;
		};
/* End XCBuildConfiguration section */

/* Begin XCConfigurationList section */
		AFD21EE3214631FE00D1960B /* Build configuration list for PBXProject "LineLA" */ = {
			isa = XCConfigurationList;
			buildConfigurations = (
				AFD21F0E2146321400D1960B /* Debug */,
				AFD21F0F2146321400D1960B /* Release */,
			);
			defaultConfigurationIsVisible = 0;
			defaultConfigurationName = Release;
		};
		AFD21F102146321400D1960B /* Build configuration list for PBXNativeTarget "LineLA" */ = {
			isa = XCConfigurationList;
			buildConfigurations = (
				AFD21F112146321400D1960B /* Debug */,
				AFD21F122146321400D1960B /* Release */,
			);
			defaultConfigurationIsVisible = 0;
			defaultConfigurationName = Release;
		};
		AFD21F132146321400D1960B /* Build configuration list for PBXNativeTarget "LineLATests" */ = {
			isa = XCConfigurationList;
			buildConfigurations = (
				AFD21F142146321400D1960B /* Debug */,
				AFD21F152146321400D1960B /* Release */,
			);
			defaultConfigurationIsVisible = 0;
			defaultConfigurationName = Release;
		};
		AFD21F162146321400D1960B /* Build configuration list for PBXNativeTarget "LineLAUITests" */ = {
			isa = XCConfigurationList;
			buildConfigurations = (
				AFD21F172146321400D1960B /* Debug */,
				AFD21F182146321400D1960B /* Release */,
			);
			defaultConfigurationIsVisible = 0;
			defaultConfigurationName = Release;
		};
/* End XCConfigurationList section */
	};
	rootObject = AFD21EE0214631FE00D1960B /* Project object */;
}
